
Microsoft Visual Studio Solution File, Format Version 12.00
# Visual Studio Version 17
VisualStudioVersion = 17.8.34322.80
MinimumVisualStudioVersion = 10.0.40219.1
Project("{FAE04EC0-301F-11D3-BF4B-00C04F79EFBC}") = "LetCodeProblems", "LetCodeProblems\LetCodeProblems.csproj", "{AEA52506-3106-458A-ACAC-C01BBE8DC942}"
EndProject
Global
	GlobalSection(SolutionConfigurationPlatforms) = preSolution
		Debug|Any CPU = Debug|Any CPU
		Release|Any CPU = Release|Any CPU
	EndGlobalSection
	GlobalSection(ProjectConfigurationPlatforms) = postSolution
		{AEA52506-3106-458A-ACAC-C01BBE8DC942}.Debug|Any CPU.ActiveCfg = Debug|Any CPU
		{AEA52506-3106-458A-ACAC-C01BBE8DC942}.Debug|Any CPU.Build.0 = Debug|Any CPU
		{AEA52506-3106-458A-ACAC-C01BBE8DC942}.Release|Any CPU.ActiveCfg = Release|Any CPU
		{AEA52506-3106-458A-ACAC-C01BBE8DC942}.Release|Any CPU.Build.0 = Release|Any CPU
	EndGlobalSection
	GlobalSection(SolutionProperties) = preSolution
		HideSolutionNode = FALSE
	EndGlobalSection
	GlobalSection(ExtensibilityGlobals) = postSolution
		SolutionGuid = {8774FC94-36DB-494F-A9F8-7B4A3742A7BB}
	EndGlobalSection
EndGlobal
